# THIS IS AN AUTOGENERATED FILE. DO NOT EDIT THIS FILE DIRECTLY.
# yarn lockfile v1


agent-base@^7.0.2:
  version "7.1.0"
  resolved "https://registry.npmmirror.com/agent-base/-/agent-base-7.1.0.tgz"
  integrity sha512-o/zjMZRhJxny7OyEF+Op8X+efiELC7k7yOjMzgfzVqOzXqkBkWI79YoTdOtsuWd5BWhAGAuOY/Xa6xpiaWXiNg==
  dependencies:
    debug "^4.3.4"

base64-js@^1.3.1:
  version "1.5.1"
  resolved "https://registry.npmmirror.com/base64-js/-/base64-js-1.5.1.tgz"
  integrity sha512-AKpaYlHn8t4SVbOHCy+b5+KKgvR4vrsD8vbvrbiQJps7fKDTkjkDry6ji0rUJjC0kzbNePLwzxq8iypo41qeWA==

buffer@^6.0.3:
  version "6.0.3"
  resolved "https://registry.npmmirror.com/buffer/-/buffer-6.0.3.tgz"
  integrity sha512-FTiCpNxtwiZZHEZbcbTIcZjERVICn9yq/pDFkTl95/AxzD1naBctN7YO68riM/gLSDY7sdrMby8hofADYuuqOA==
  dependencies:
    base64-js "^1.3.1"
    ieee754 "^1.2.1"

debug@4, debug@^4.3.4:
  version "4.3.4"
  resolved "https://registry.npmmirror.com/debug/-/debug-4.3.4.tgz"
  integrity sha512-PRWFHuSU3eDtQJPvnNY7Jcket1j0t5OuOsFzPPzsekD52Zl8qUfFIPEiswXqIvHWGVHOgX+7G/vCNNhehwxfkQ==
  dependencies:
    ms "2.1.2"

https-proxy-agent@^7.0.2:
  version "7.0.2"
  resolved "https://registry.npmmirror.com/https-proxy-agent/-/https-proxy-agent-7.0.2.tgz"
  integrity sha512-NmLNjm6ucYwtcUmL7JQC1ZQ57LmHP4lT15FQ8D61nak1rO6DH+fz5qNK2Ap5UN4ZapYICE3/0KodcLYSPsPbaA==
  dependencies:
    agent-base "^7.0.2"
    debug "4"

ieee754@^1.2.1:
  version "1.2.1"
  resolved "https://registry.npmmirror.com/ieee754/-/ieee754-1.2.1.tgz"
  integrity sha512-dcyqhDvX1C46lXZcVqCpK+FtMRQVdIMN6/Df5js2zouUsqG7I6sFxitIC+7KYK29KdXOLHdu9zL4sFnoVQnqaA==

minimist@^1.2.8:
  version "1.2.8"
  resolved "https://registry.npmmirror.com/minimist/-/minimist-1.2.8.tgz"
  integrity sha512-2yyAR8qBkN3YuheJanUpWC5U3bb5osDywNB8RzDVlDwDHbocAJveqqj1u8+SVD7jkWT4yvsHCpWqqWqAxb0zCA==

ms@2.1.2:
  version "2.1.2"
  resolved "https://registry.npmmirror.com/ms/-/ms-2.1.2.tgz"
  integrity sha512-sGkPx+VjMtmA6MX27oA4FBFELFCZZ4S4XqeGOXCv68tT+jb3vk/RyaKWP0PTKyWtmLSM0b+adUTEvbs1PEaH2w==

package@^1.0.1:
  version "1.0.1"
  resolved "https://registry.yarnpkg.com/package/-/package-1.0.1.tgz#d25a1f99e2506dcb27d6704b83dca8a312e4edcc"
  integrity sha512-g6xZR6CO7okjie83sIRJodgGvaXqymfE5GLhN8N2TmZGShmHc/V23hO/vWbdnuy3D81As3pfovw72gGi42l9qA==

ws@^8.16.0:
  version "8.16.0"
  resolved "https://registry.npmmirror.com/ws/-/ws-8.16.0.tgz"
  integrity sha512-HS0c//TP7Ina87TfiPUz1rQzMhHrl/SG2guqRcTOIUYD2q8uhUdNHZYJUaQ8aTGPzCh+c6oawMKW35nFl1dxyQ==
